# This file is automatically @generated by Poetry 1.8.2 and should not be changed by hand.

[[package]]
name = "networkx"
version = "3.3"
description = "Python package for creating and manipulating graphs and networks"
optional = false
python-versions = ">=3.10"
files = [
    {file = "networkx-3.3-py3-none-any.whl", hash = "sha256:28575580c6ebdaf4505b22c6256a2b9de86b316dc63ba9e93abde3d78dfdbcf2"},
    {file = "networkx-3.3.tar.gz", hash = "sha256:0c127d8b2f4865f59ae9cb8aafcd60b5c70f3241ebd66f7defad7c4ab90126c9"},
]

[package.extras]
default = ["matplotlib (>=3.6)", "numpy (>=1.23)", "pandas (>=1.4)", "scipy (>=1.9,!=1.11.0,!=1.11.1)"]
developer = ["changelist (==0.5)", "mypy (>=1.1)", "pre-commit (>=3.2)", "rtoml"]
doc = ["myst-nb (>=1.0)", "numpydoc (>=1.7)", "pillow (>=9.4)", "pydata-sphinx-theme (>=0.14)", "sphinx (>=7)", "sphinx-gallery (>=0.14)", "texext (>=0.6.7)"]
extra = ["lxml (>=4.6)", "pydot (>=2.0)", "pygraphviz (>=1.12)", "sympy (>=1.10)"]
test = ["pytest (>=7.2)", "pytest-cov (>=4.0)"]

[[package]]
name = "pydot"
version = "2.0.0"
description = "Python interface to Graphviz's Dot"
optional = false
python-versions = ">=3.7"
files = [
    {file = "pydot-2.0.0-py3-none-any.whl", hash = "sha256:408a47913ea7bd5d2d34b274144880c1310c4aee901f353cf21fe2e526a4ea28"},
    {file = "pydot-2.0.0.tar.gz", hash = "sha256:60246af215123fa062f21cd791be67dda23a6f280df09f68919e637a1e4f3235"},
]

[package.dependencies]
pyparsing = ">=3"

[package.extras]
dev = ["black", "chardet"]
release = ["zest.releaser[recommended]"]
tests = ["black", "chardet", "tox"]

[[package]]
name = "pygraphviz"
version = "1.12"
description = "Python interface to Graphviz"
optional = false
python-versions = ">=3.10"
files = [
    {file = "pygraphviz-1.12.tar.gz", hash = "sha256:8b0b9207954012f3b670e53b8f8f448a28d12bdbbcf69249313bd8dbe680152f"},
]

[[package]]
name = "pyparsing"
version = "3.1.2"
description = "pyparsing module - Classes and methods to define and execute parsing grammars"
optional = false
python-versions = ">=3.6.8"
files = [
    {file = "pyparsing-3.1.2-py3-none-any.whl", hash = "sha256:f9db75911801ed778fe61bb643079ff86601aca99fcae6345aa67292038fb742"},
    {file = "pyparsing-3.1.2.tar.gz", hash = "sha256:a1bac0ce561155ecc3ed78ca94d3c9378656ad4c94c1270de543f621420f94ad"},
]

[package.extras]
diagrams = ["jinja2", "railroad-diagrams"]

[metadata]
lock-version = "2.0"
python-versions = "^3.11"
content-hash = "ce1f6a7011630b6967f3aa19ee5e50c49d28fe4438f68304d689f0325f6a4863"
